// !$*UTF8*$!
{
	archiveVersion = 1;
	classes = {
	};
	objectVersion = 52;
	objects = {

/* Begin PBXBuildFile section */
		34462E4924B5005200D03A7C /* Covid19TrackerApp.swift in Sources */ = {isa = PBXBuildFile; fileRef = 34462E3624B5004F00D03A7C /* Covid19TrackerApp.swift */; };
		34462E4A24B5005200D03A7C /* Covid19TrackerApp.swift in Sources */ = {isa = PBXBuildFile; fileRef = 34462E3624B5004F00D03A7C /* Covid19TrackerApp.swift */; };
		34462E4D24B5005200D03A7C /* Assets.xcassets in Resources */ = {isa = PBXBuildFile; fileRef = 34462E3824B5005200D03A7C /* Assets.xcassets */; };
		34462E4E24B5005200D03A7C /* Assets.xcassets in Resources */ = {isa = PBXBuildFile; fileRef = 34462E3824B5005200D03A7C /* Assets.xcassets */; };
		34462E5D24B5025300D03A7C /* StatisticView.swift in Sources */ = {isa = PBXBuildFile; fileRef = 34462E5C24B5025300D03A7C /* StatisticView.swift */; };
		34462E5E24B5025300D03A7C /* StatisticView.swift in Sources */ = {isa = PBXBuildFile; fileRef = 34462E5C24B5025300D03A7C /* StatisticView.swift */; };
		34462E6124B5032200D03A7C /* Alamofire in Frameworks */ = {isa = PBXBuildFile; productRef = 34462E6024B5032200D03A7C /* Alamofire */; };
		34462E6324B5034E00D03A7C /* ServiceClient.swift in Sources */ = {isa = PBXBuildFile; fileRef = 34462E6224B5034E00D03A7C /* ServiceClient.swift */; };
		34462E6424B5034E00D03A7C /* ServiceClient.swift in Sources */ = {isa = PBXBuildFile; fileRef = 34462E6224B5034E00D03A7C /* ServiceClient.swift */; };
		34462E6624B5042400D03A7C /* NumbersModel.swift in Sources */ = {isa = PBXBuildFile; fileRef = 34462E6524B5042400D03A7C /* NumbersModel.swift */; };
		34462E6724B5042400D03A7C /* NumbersModel.swift in Sources */ = {isa = PBXBuildFile; fileRef = 34462E6524B5042400D03A7C /* NumbersModel.swift */; };
		34462E6924B5047A00D03A7C /* StatisticModel.swift in Sources */ = {isa = PBXBuildFile; fileRef = 34462E6824B5047A00D03A7C /* StatisticModel.swift */; };
		34462E6A24B5047A00D03A7C /* StatisticModel.swift in Sources */ = {isa = PBXBuildFile; fileRef = 34462E6824B5047A00D03A7C /* StatisticModel.swift */; };
		34462E6C24B504AF00D03A7C /* Continent.swift in Sources */ = {isa = PBXBuildFile; fileRef = 34462E6B24B504AF00D03A7C /* Continent.swift */; };
		34462E6D24B504AF00D03A7C /* Continent.swift in Sources */ = {isa = PBXBuildFile; fileRef = 34462E6B24B504AF00D03A7C /* Continent.swift */; };
		34462E6F24B504DC00D03A7C /* StatisticResponseModel.swift in Sources */ = {isa = PBXBuildFile; fileRef = 34462E6E24B504DC00D03A7C /* StatisticResponseModel.swift */; };
		34462E7024B504DC00D03A7C /* StatisticResponseModel.swift in Sources */ = {isa = PBXBuildFile; fileRef = 34462E6E24B504DC00D03A7C /* StatisticResponseModel.swift */; };
		34462E7224B5054B00D03A7C /* NetworkRouter.swift in Sources */ = {isa = PBXBuildFile; fileRef = 34462E7124B5054B00D03A7C /* NetworkRouter.swift */; };
		34462E7324B5054B00D03A7C /* NetworkRouter.swift in Sources */ = {isa = PBXBuildFile; fileRef = 34462E7124B5054B00D03A7C /* NetworkRouter.swift */; };
		34462E7524B5055400D03A7C /* NetworkClient.swift in Sources */ = {isa = PBXBuildFile; fileRef = 34462E7424B5055400D03A7C /* NetworkClient.swift */; };
		34462E7624B5055400D03A7C /* NetworkClient.swift in Sources */ = {isa = PBXBuildFile; fileRef = 34462E7424B5055400D03A7C /* NetworkClient.swift */; };
		34462E7824B5056200D03A7C /* NetworkConstants.swift in Sources */ = {isa = PBXBuildFile; fileRef = 34462E7724B5056200D03A7C /* NetworkConstants.swift */; };
		34462E7924B5056200D03A7C /* NetworkConstants.swift in Sources */ = {isa = PBXBuildFile; fileRef = 34462E7724B5056200D03A7C /* NetworkConstants.swift */; };
		34462E7C24B50D0500D03A7C /* Color+Hex.swift in Sources */ = {isa = PBXBuildFile; fileRef = 34462E7B24B50D0500D03A7C /* Color+Hex.swift */; };
		34462E7D24B50D0500D03A7C /* Color+Hex.swift in Sources */ = {isa = PBXBuildFile; fileRef = 34462E7B24B50D0500D03A7C /* Color+Hex.swift */; };
		34462E7F24B6360F00D03A7C /* CountryView.swift in Sources */ = {isa = PBXBuildFile; fileRef = 34462E7E24B6360F00D03A7C /* CountryView.swift */; };
		34462E8024B6360F00D03A7C /* CountryView.swift in Sources */ = {isa = PBXBuildFile; fileRef = 34462E7E24B6360F00D03A7C /* CountryView.swift */; };
		34462E8224B636AB00D03A7C /* StatisticHeaderView.swift in Sources */ = {isa = PBXBuildFile; fileRef = 34462E8124B636AB00D03A7C /* StatisticHeaderView.swift */; };
		34462E8324B636AB00D03A7C /* StatisticHeaderView.swift in Sources */ = {isa = PBXBuildFile; fileRef = 34462E8124B636AB00D03A7C /* StatisticHeaderView.swift */; };
		34462E8524B6379400D03A7C /* CaseView.swift in Sources */ = {isa = PBXBuildFile; fileRef = 34462E8424B6379400D03A7C /* CaseView.swift */; };
		34462E8624B6379400D03A7C /* CaseView.swift in Sources */ = {isa = PBXBuildFile; fileRef = 34462E8424B6379400D03A7C /* CaseView.swift */; };
		34462E8824B63FA500D03A7C /* DeathView.swift in Sources */ = {isa = PBXBuildFile; fileRef = 34462E8724B63FA500D03A7C /* DeathView.swift */; };
		34462E8924B63FA500D03A7C /* DeathView.swift in Sources */ = {isa = PBXBuildFile; fileRef = 34462E8724B63FA500D03A7C /* DeathView.swift */; };
		34462E8B24B641D900D03A7C /* TestView.swift in Sources */ = {isa = PBXBuildFile; fileRef = 34462E8A24B641D900D03A7C /* TestView.swift */; };
		34462E8C24B641D900D03A7C /* TestView.swift in Sources */ = {isa = PBXBuildFile; fileRef = 34462E8A24B641D900D03A7C /* TestView.swift */; };
		34462E8E24B6458D00D03A7C /* CountryDetailView.swift in Sources */ = {isa = PBXBuildFile; fileRef = 34462E8D24B6458D00D03A7C /* CountryDetailView.swift */; };
		34462E8F24B6458D00D03A7C /* CountryDetailView.swift in Sources */ = {isa = PBXBuildFile; fileRef = 34462E8D24B6458D00D03A7C /* CountryDetailView.swift */; };
		34462E9124B645DD00D03A7C /* DateView.swift in Sources */ = {isa = PBXBuildFile; fileRef = 34462E9024B645DD00D03A7C /* DateView.swift */; };
		34462E9224B645DD00D03A7C /* DateView.swift in Sources */ = {isa = PBXBuildFile; fileRef = 34462E9024B645DD00D03A7C /* DateView.swift */; };
		34462E9A24B6518900D03A7C /* WidgetKit.framework in Frameworks */ = {isa = PBXBuildFile; fileRef = 34462E9924B6518900D03A7C /* WidgetKit.framework */; };
		34462E9C24B6518900D03A7C /* SwiftUI.framework in Frameworks */ = {isa = PBXBuildFile; fileRef = 34462E9B24B6518900D03A7C /* SwiftUI.framework */; };
		34462E9F24B6518900D03A7C /* DailyReport.swift in Sources */ = {isa = PBXBuildFile; fileRef = 34462E9E24B6518900D03A7C /* DailyReport.swift */; };
		34462EA124B6518C00D03A7C /* Assets.xcassets in Resources */ = {isa = PBXBuildFile; fileRef = 34462EA024B6518C00D03A7C /* Assets.xcassets */; };
		34462EA524B6518C00D03A7C /* DailyReportExtension.appex in Embed App Extensions */ = {isa = PBXBuildFile; fileRef = 34462E9724B6518900D03A7C /* DailyReportExtension.appex */; settings = {ATTRIBUTES = (RemoveHeadersOnCopy, ); }; };
		34462EAB24B99EB400D03A7C /* NewCasesView.swift in Sources */ = {isa = PBXBuildFile; fileRef = 34462EAA24B99EB400D03A7C /* NewCasesView.swift */; };
		34462EAC24B99EB400D03A7C /* NewCasesView.swift in Sources */ = {isa = PBXBuildFile; fileRef = 34462EAA24B99EB400D03A7C /* NewCasesView.swift */; };
		34462EAD24B99EB400D03A7C /* NewCasesView.swift in Sources */ = {isa = PBXBuildFile; fileRef = 34462EAA24B99EB400D03A7C /* NewCasesView.swift */; };
		34462EAE24B99F4E00D03A7C /* Color+Hex.swift in Sources */ = {isa = PBXBuildFile; fileRef = 34462E7B24B50D0500D03A7C /* Color+Hex.swift */; };
		34462EB024B99F6000D03A7C /* StatisticResponseModel.swift in Sources */ = {isa = PBXBuildFile; fileRef = 34462E6E24B504DC00D03A7C /* StatisticResponseModel.swift */; };
		34462EB124B99F6000D03A7C /* StatisticModel.swift in Sources */ = {isa = PBXBuildFile; fileRef = 34462E6824B5047A00D03A7C /* StatisticModel.swift */; };
		34462EB224B99F6000D03A7C /* NumbersModel.swift in Sources */ = {isa = PBXBuildFile; fileRef = 34462E6524B5042400D03A7C /* NumbersModel.swift */; };
		34462EB324B99F6000D03A7C /* Continent.swift in Sources */ = {isa = PBXBuildFile; fileRef = 34462E6B24B504AF00D03A7C /* Continent.swift */; };
		34462EB824B9ADCF00D03A7C /* URLSessionServiceClient.swift in Sources */ = {isa = PBXBuildFile; fileRef = 34462EB724B9ADCF00D03A7C /* URLSessionServiceClient.swift */; };
		34462EB924B9ADCF00D03A7C /* URLSessionServiceClient.swift in Sources */ = {isa = PBXBuildFile; fileRef = 34462EB724B9ADCF00D03A7C /* URLSessionServiceClient.swift */; };
		34462EBA24B9ADCF00D03A7C /* URLSessionServiceClient.swift in Sources */ = {isa = PBXBuildFile; fileRef = 34462EB724B9ADCF00D03A7C /* URLSessionServiceClient.swift */; };
		34462EBB24B9B0A800D03A7C /* NetworkConstants.swift in Sources */ = {isa = PBXBuildFile; fileRef = 34462E7724B5056200D03A7C /* NetworkConstants.swift */; };
		3470E67F24C24F40008235DC /* View+Modifiers.swift in Sources */ = {isa = PBXBuildFile; fileRef = 3470E67E24C24F40008235DC /* View+Modifiers.swift */; };
		3470E68024C24F40008235DC /* View+Modifiers.swift in Sources */ = {isa = PBXBuildFile; fileRef = 3470E67E24C24F40008235DC /* View+Modifiers.swift */; };
		3470E68124C24F40008235DC /* View+Modifiers.swift in Sources */ = {isa = PBXBuildFile; fileRef = 3470E67E24C24F40008235DC /* View+Modifiers.swift */; };
		3470E68324C2516F008235DC /* TitleModifier.swift in Sources */ = {isa = PBXBuildFile; fileRef = 3470E68224C2516F008235DC /* TitleModifier.swift */; };
		3470E68424C2516F008235DC /* TitleModifier.swift in Sources */ = {isa = PBXBuildFile; fileRef = 3470E68224C2516F008235DC /* TitleModifier.swift */; };
		3470E68524C2516F008235DC /* TitleModifier.swift in Sources */ = {isa = PBXBuildFile; fileRef = 3470E68224C2516F008235DC /* TitleModifier.swift */; };
		3470E68724C25195008235DC /* BodyModifier.swift in Sources */ = {isa = PBXBuildFile; fileRef = 3470E68624C25195008235DC /* BodyModifier.swift */; };
		3470E68824C25195008235DC /* BodyModifier.swift in Sources */ = {isa = PBXBuildFile; fileRef = 3470E68624C25195008235DC /* BodyModifier.swift */; };
		3470E68924C25195008235DC /* BodyModifier.swift in Sources */ = {isa = PBXBuildFile; fileRef = 3470E68624C25195008235DC /* BodyModifier.swift */; };
		3470E68B24C25348008235DC /* NumbersView.swift in Sources */ = {isa = PBXBuildFile; fileRef = 3470E68A24C25348008235DC /* NumbersView.swift */; };
		3470E68C24C25348008235DC /* NumbersView.swift in Sources */ = {isa = PBXBuildFile; fileRef = 3470E68A24C25348008235DC /* NumbersView.swift */; };
		3470E68F24C25510008235DC /* NumbersModifier.swift in Sources */ = {isa = PBXBuildFile; fileRef = 3470E68E24C2550F008235DC /* NumbersModifier.swift */; };
		3470E69024C25510008235DC /* NumbersModifier.swift in Sources */ = {isa = PBXBuildFile; fileRef = 3470E68E24C2550F008235DC /* NumbersModifier.swift */; };
		3470E69124C25510008235DC /* NumbersModifier.swift in Sources */ = {isa = PBXBuildFile; fileRef = 3470E68E24C2550F008235DC /* NumbersModifier.swift */; };
		3470E69724C256DD008235DC /* StatisticModifier.swift in Sources */ = {isa = PBXBuildFile; fileRef = 3470E69624C256DD008235DC /* StatisticModifier.swift */; };
		3470E69824C256DD008235DC /* StatisticModifier.swift in Sources */ = {isa = PBXBuildFile; fileRef = 3470E69624C256DD008235DC /* StatisticModifier.swift */; };
		3470E69924C256DD008235DC /* StatisticModifier.swift in Sources */ = {isa = PBXBuildFile; fileRef = 3470E69624C256DD008235DC /* StatisticModifier.swift */; };
		3470E69B24C259B6008235DC /* HeaderModifier.swift in Sources */ = {isa = PBXBuildFile; fileRef = 3470E69A24C259B6008235DC /* HeaderModifier.swift */; };
		3470E69C24C259B6008235DC /* HeaderModifier.swift in Sources */ = {isa = PBXBuildFile; fileRef = 3470E69A24C259B6008235DC /* HeaderModifier.swift */; };
		3470E69D24C259B6008235DC /* HeaderModifier.swift in Sources */ = {isa = PBXBuildFile; fileRef = 3470E69A24C259B6008235DC /* HeaderModifier.swift */; };
		3470E69F24C25B0A008235DC /* CountryModifier.swift in Sources */ = {isa = PBXBuildFile; fileRef = 3470E69E24C25B0A008235DC /* CountryModifier.swift */; };
		3470E6A024C25B0A008235DC /* CountryModifier.swift in Sources */ = {isa = PBXBuildFile; fileRef = 3470E69E24C25B0A008235DC /* CountryModifier.swift */; };
		3470E6A124C25B0A008235DC /* CountryModifier.swift in Sources */ = {isa = PBXBuildFile; fileRef = 3470E69E24C25B0A008235DC /* CountryModifier.swift */; };
		3470E6A724C25DFF008235DC /* WidgetNumbersView.swift in Sources */ = {isa = PBXBuildFile; fileRef = 3470E6A624C25DFF008235DC /* WidgetNumbersView.swift */; };
		3470E6A824C25DFF008235DC /* WidgetNumbersView.swift in Sources */ = {isa = PBXBuildFile; fileRef = 3470E6A624C25DFF008235DC /* WidgetNumbersView.swift */; };
		3470E6A924C25DFF008235DC /* WidgetNumbersView.swift in Sources */ = {isa = PBXBuildFile; fileRef = 3470E6A624C25DFF008235DC /* WidgetNumbersView.swift */; };
		3470E6AB24C25ED0008235DC /* WidgetNumbersModifier.swift in Sources */ = {isa = PBXBuildFile; fileRef = 3470E6AA24C25ED0008235DC /* WidgetNumbersModifier.swift */; };
		3470E6AC24C25ED0008235DC /* WidgetNumbersModifier.swift in Sources */ = {isa = PBXBuildFile; fileRef = 3470E6AA24C25ED0008235DC /* WidgetNumbersModifier.swift */; };
		3470E6AD24C25ED0008235DC /* WidgetNumbersModifier.swift in Sources */ = {isa = PBXBuildFile; fileRef = 3470E6AA24C25ED0008235DC /* WidgetNumbersModifier.swift */; };
/* End PBXBuildFile section */

/* Begin PBXContainerItemProxy section */
		34462EA324B6518C00D03A7C /* PBXContainerItemProxy */ = {
			isa = PBXContainerItemProxy;
			containerPortal = 34462E3124B5004F00D03A7C /* Project object */;
			proxyType = 1;
			remoteGlobalIDString = 34462E9624B6518900D03A7C;
			remoteInfo = DailyReportExtension;
		};
/* End PBXContainerItemProxy section */

/* Begin PBXCopyFilesBuildPhase section */
		34462EA924B6518C00D03A7C /* Embed App Extensions */ = {
			isa = PBXCopyFilesBuildPhase;
			buildActionMask = 2147483647;
			dstPath = "";
			dstSubfolderSpec = 13;
			files = (
				34462EA524B6518C00D03A7C /* DailyReportExtension.appex in Embed App Extensions */,
			);
			name = "Embed App Extensions";
			runOnlyForDeploymentPostprocessing = 0;
		};
/* End PBXCopyFilesBuildPhase section */

/* Begin PBXFileReference section */
		34462E3624B5004F00D03A7C /* Covid19TrackerApp.swift */ = {isa = PBXFileReference; lastKnownFileType = sourcecode.swift; path = Covid19TrackerApp.swift; sourceTree = "<group>"; };
		34462E3824B5005200D03A7C /* Assets.xcassets */ = {isa = PBXFileReference; lastKnownFileType = folder.assetcatalog; path = Assets.xcassets; sourceTree = "<group>"; };
		34462E3D24B5005200D03A7C /* Covid19Tracker.app */ = {isa = PBXFileReference; explicitFileType = wrapper.application; includeInIndex = 0; path = Covid19Tracker.app; sourceTree = BUILT_PRODUCTS_DIR; };
		34462E4024B5005200D03A7C /* Info.plist */ = {isa = PBXFileReference; lastKnownFileType = text.plist.xml; path = Info.plist; sourceTree = "<group>"; };
		34462E4524B5005200D03A7C /* Covid19Tracker.app */ = {isa = PBXFileReference; explicitFileType = wrapper.application; includeInIndex = 0; path = Covid19Tracker.app; sourceTree = BUILT_PRODUCTS_DIR; };
		34462E4724B5005200D03A7C /* Info.plist */ = {isa = PBXFileReference; lastKnownFileType = text.plist.xml; path = Info.plist; sourceTree = "<group>"; };
		34462E4824B5005200D03A7C /* macOS.entitlements */ = {isa = PBXFileReference; lastKnownFileType = text.plist.entitlements; path = macOS.entitlements; sourceTree = "<group>"; };
		34462E5C24B5025300D03A7C /* StatisticView.swift */ = {isa = PBXFileReference; lastKnownFileType = sourcecode.swift; path = StatisticView.swift; sourceTree = "<group>"; };
		34462E6224B5034E00D03A7C /* ServiceClient.swift */ = {isa = PBXFileReference; lastKnownFileType = sourcecode.swift; path = ServiceClient.swift; sourceTree = "<group>"; };
		34462E6524B5042400D03A7C /* NumbersModel.swift */ = {isa = PBXFileReference; lastKnownFileType = sourcecode.swift; path = NumbersModel.swift; sourceTree = "<group>"; };
		34462E6824B5047A00D03A7C /* StatisticModel.swift */ = {isa = PBXFileReference; lastKnownFileType = sourcecode.swift; path = StatisticModel.swift; sourceTree = "<group>"; };
		34462E6B24B504AF00D03A7C /* Continent.swift */ = {isa = PBXFileReference; lastKnownFileType = sourcecode.swift; path = Continent.swift; sourceTree = "<group>"; };
		34462E6E24B504DC00D03A7C /* StatisticResponseModel.swift */ = {isa = PBXFileReference; lastKnownFileType = sourcecode.swift; path = StatisticResponseModel.swift; sourceTree = "<group>"; };
		34462E7124B5054B00D03A7C /* NetworkRouter.swift */ = {isa = PBXFileReference; lastKnownFileType = sourcecode.swift; path = NetworkRouter.swift; sourceTree = "<group>"; };
		34462E7424B5055400D03A7C /* NetworkClient.swift */ = {isa = PBXFileReference; lastKnownFileType = sourcecode.swift; path = NetworkClient.swift; sourceTree = "<group>"; };
		34462E7724B5056200D03A7C /* NetworkConstants.swift */ = {isa = PBXFileReference; lastKnownFileType = sourcecode.swift; path = NetworkConstants.swift; sourceTree = "<group>"; };
		34462E7B24B50D0500D03A7C /* Color+Hex.swift */ = {isa = PBXFileReference; lastKnownFileType = sourcecode.swift; path = "Color+Hex.swift"; sourceTree = "<group>"; };
		34462E7E24B6360F00D03A7C /* CountryView.swift */ = {isa = PBXFileReference; lastKnownFileType = sourcecode.swift; path = CountryView.swift; sourceTree = "<group>"; };
		34462E8124B636AB00D03A7C /* StatisticHeaderView.swift */ = {isa = PBXFileReference; lastKnownFileType = sourcecode.swift; path = StatisticHeaderView.swift; sourceTree = "<group>"; };
		34462E8424B6379400D03A7C /* CaseView.swift */ = {isa = PBXFileReference; lastKnownFileType = sourcecode.swift; path = CaseView.swift; sourceTree = "<group>"; };
		34462E8724B63FA500D03A7C /* DeathView.swift */ = {isa = PBXFileReference; lastKnownFileType = sourcecode.swift; path = DeathView.swift; sourceTree = "<group>"; };
		34462E8A24B641D900D03A7C /* TestView.swift */ = {isa = PBXFileReference; lastKnownFileType = sourcecode.swift; path = TestView.swift; sourceTree = "<group>"; };
		34462E8D24B6458D00D03A7C /* CountryDetailView.swift */ = {isa = PBXFileReference; lastKnownFileType = sourcecode.swift; path = CountryDetailView.swift; sourceTree = "<group>"; };
		34462E9024B645DD00D03A7C /* DateView.swift */ = {isa = PBXFileReference; lastKnownFileType = sourcecode.swift; path = DateView.swift; sourceTree = "<group>"; };
		34462E9724B6518900D03A7C /* DailyReportExtension.appex */ = {isa = PBXFileReference; explicitFileType = "wrapper.app-extension"; includeInIndex = 0; path = DailyReportExtension.appex; sourceTree = BUILT_PRODUCTS_DIR; };
		34462E9924B6518900D03A7C /* WidgetKit.framework */ = {isa = PBXFileReference; lastKnownFileType = wrapper.framework; name = WidgetKit.framework; path = System/Library/Frameworks/WidgetKit.framework; sourceTree = SDKROOT; };
		34462E9B24B6518900D03A7C /* SwiftUI.framework */ = {isa = PBXFileReference; lastKnownFileType = wrapper.framework; name = SwiftUI.framework; path = System/Library/Frameworks/SwiftUI.framework; sourceTree = SDKROOT; };
		34462E9E24B6518900D03A7C /* DailyReport.swift */ = {isa = PBXFileReference; lastKnownFileType = sourcecode.swift; path = DailyReport.swift; sourceTree = "<group>"; };
		34462EA024B6518C00D03A7C /* Assets.xcassets */ = {isa = PBXFileReference; lastKnownFileType = folder.assetcatalog; path = Assets.xcassets; sourceTree = "<group>"; };
		34462EA224B6518C00D03A7C /* Info.plist */ = {isa = PBXFileReference; lastKnownFileType = text.plist.xml; path = Info.plist; sourceTree = "<group>"; };
		34462EAA24B99EB400D03A7C /* NewCasesView.swift */ = {isa = PBXFileReference; lastKnownFileType = sourcecode.swift; path = NewCasesView.swift; sourceTree = "<group>"; };
		34462EB724B9ADCF00D03A7C /* URLSessionServiceClient.swift */ = {isa = PBXFileReference; lastKnownFileType = sourcecode.swift; path = URLSessionServiceClient.swift; sourceTree = "<group>"; };
		3470E67E24C24F40008235DC /* View+Modifiers.swift */ = {isa = PBXFileReference; lastKnownFileType = sourcecode.swift; path = "View+Modifiers.swift"; sourceTree = "<group>"; };
		3470E68224C2516F008235DC /* TitleModifier.swift */ = {isa = PBXFileReference; lastKnownFileType = sourcecode.swift; path = TitleModifier.swift; sourceTree = "<group>"; };
		3470E68624C25195008235DC /* BodyModifier.swift */ = {isa = PBXFileReference; lastKnownFileType = sourcecode.swift; path = BodyModifier.swift; sourceTree = "<group>"; };
		3470E68A24C25348008235DC /* NumbersView.swift */ = {isa = PBXFileReference; lastKnownFileType = sourcecode.swift; path = NumbersView.swift; sourceTree = "<group>"; };
		3470E68E24C2550F008235DC /* NumbersModifier.swift */ = {isa = PBXFileReference; lastKnownFileType = sourcecode.swift; path = NumbersModifier.swift; sourceTree = "<group>"; };
		3470E69624C256DD008235DC /* StatisticModifier.swift */ = {isa = PBXFileReference; lastKnownFileType = sourcecode.swift; path = StatisticModifier.swift; sourceTree = "<group>"; };
		3470E69A24C259B6008235DC /* HeaderModifier.swift */ = {isa = PBXFileReference; lastKnownFileType = sourcecode.swift; path = HeaderModifier.swift; sourceTree = "<group>"; };
		3470E69E24C25B0A008235DC /* CountryModifier.swift */ = {isa = PBXFileReference; lastKnownFileType = sourcecode.swift; path = CountryModifier.swift; sourceTree = "<group>"; };
		3470E6A624C25DFF008235DC /* WidgetNumbersView.swift */ = {isa = PBXFileReference; lastKnownFileType = sourcecode.swift; path = WidgetNumbersView.swift; sourceTree = "<group>"; };
		3470E6AA24C25ED0008235DC /* WidgetNumbersModifier.swift */ = {isa = PBXFileReference; lastKnownFileType = sourcecode.swift; path = WidgetNumbersModifier.swift; sourceTree = "<group>"; };
/* End PBXFileReference section */

/* Begin PBXFrameworksBuildPhase section */
		34462E3A24B5005200D03A7C /* Frameworks */ = {
			isa = PBXFrameworksBuildPhase;
			buildActionMask = 2147483647;
			files = (
				34462E6124B5032200D03A7C /* Alamofire in Frameworks */,
			);
			runOnlyForDeploymentPostprocessing = 0;
		};
		34462E4224B5005200D03A7C /* Frameworks */ = {
			isa = PBXFrameworksBuildPhase;
			buildActionMask = 2147483647;
			files = (
			);
			runOnlyForDeploymentPostprocessing = 0;
		};
		34462E9424B6518900D03A7C /* Frameworks */ = {
			isa = PBXFrameworksBuildPhase;
			buildActionMask = 2147483647;
			files = (
				34462E9C24B6518900D03A7C /* SwiftUI.framework in Frameworks */,
				34462E9A24B6518900D03A7C /* WidgetKit.framework in Frameworks */,
			);
			runOnlyForDeploymentPostprocessing = 0;
		};
/* End PBXFrameworksBuildPhase section */

/* Begin PBXGroup section */
		34462E3024B5004F00D03A7C = {
			isa = PBXGroup;
			children = (
				34462E3524B5004F00D03A7C /* Shared */,
				34462E3F24B5005200D03A7C /* iOS */,
				34462E4624B5005200D03A7C /* macOS */,
				34462E9D24B6518900D03A7C /* DailyReport */,
				34462E9824B6518900D03A7C /* Frameworks */,
				34462E3E24B5005200D03A7C /* Products */,
			);
			sourceTree = "<group>";
		};
		34462E3524B5004F00D03A7C /* Shared */ = {
			isa = PBXGroup;
			children = (
				34462E5724B5005700D03A7C /* Common */,
				34462E5B24B5007700D03A7C /* Models */,
				34462E5A24B5007100D03A7C /* Networking */,
				34462E5824B5005E00D03A7C /* SupportingFiles */,
				34462E5924B5006D00D03A7C /* Views */,
				3470E67524C24EAB008235DC /* ViewModifiers */,
			);
			path = Shared;
			sourceTree = "<group>";
		};
		34462E3E24B5005200D03A7C /* Products */ = {
			isa = PBXGroup;
			children = (
				34462E3D24B5005200D03A7C /* Covid19Tracker.app */,
				34462E4524B5005200D03A7C /* Covid19Tracker.app */,
				34462E9724B6518900D03A7C /* DailyReportExtension.appex */,
			);
			name = Products;
			sourceTree = "<group>";
		};
		34462E3F24B5005200D03A7C /* iOS */ = {
			isa = PBXGroup;
			children = (
				34462E4024B5005200D03A7C /* Info.plist */,
			);
			path = iOS;
			sourceTree = "<group>";
		};
		34462E4624B5005200D03A7C /* macOS */ = {
			isa = PBXGroup;
			children = (
				34462E4724B5005200D03A7C /* Info.plist */,
				34462E4824B5005200D03A7C /* macOS.entitlements */,
			);
			path = macOS;
			sourceTree = "<group>";
		};
		34462E5724B5005700D03A7C /* Common */ = {
			isa = PBXGroup;
			children = (
				34462E3624B5004F00D03A7C /* Covid19TrackerApp.swift */,
			);
			path = Common;
			sourceTree = "<group>";
		};
		34462E5824B5005E00D03A7C /* SupportingFiles */ = {
			isa = PBXGroup;
			children = (
				34462E7A24B50CF500D03A7C /* Extensions */,
				34462E3824B5005200D03A7C /* Assets.xcassets */,
			);
			path = SupportingFiles;
			sourceTree = "<group>";
		};
		34462E5924B5006D00D03A7C /* Views */ = {
			isa = PBXGroup;
			children = (
				3470E6A524C25C68008235DC /* General */,
				3470E6A324C25C3F008235DC /* Statistic */,
				3470E6A424C25C4B008235DC /* CountryDetail */,
				34462EAA24B99EB400D03A7C /* NewCasesView.swift */,
			);
			path = Views;
			sourceTree = "<group>";
		};
		34462E5A24B5007100D03A7C /* Networking */ = {
			isa = PBXGroup;
			children = (
				34462E6224B5034E00D03A7C /* ServiceClient.swift */,
				34462EB724B9ADCF00D03A7C /* URLSessionServiceClient.swift */,
				34462E7424B5055400D03A7C /* NetworkClient.swift */,
				34462E7124B5054B00D03A7C /* NetworkRouter.swift */,
				34462E7724B5056200D03A7C /* NetworkConstants.swift */,
			);
			path = Networking;
			sourceTree = "<group>";
		};
		34462E5B24B5007700D03A7C /* Models */ = {
			isa = PBXGroup;
			children = (
				34462E6E24B504DC00D03A7C /* StatisticResponseModel.swift */,
				34462E6824B5047A00D03A7C /* StatisticModel.swift */,
				34462E6524B5042400D03A7C /* NumbersModel.swift */,
				34462E6B24B504AF00D03A7C /* Continent.swift */,
			);
			path = Models;
			sourceTree = "<group>";
		};
		34462E7A24B50CF500D03A7C /* Extensions */ = {
			isa = PBXGroup;
			children = (
				34462E7B24B50D0500D03A7C /* Color+Hex.swift */,
				3470E67E24C24F40008235DC /* View+Modifiers.swift */,
			);
			path = Extensions;
			sourceTree = "<group>";
		};
		34462E9824B6518900D03A7C /* Frameworks */ = {
			isa = PBXGroup;
			children = (
				34462E9924B6518900D03A7C /* WidgetKit.framework */,
				34462E9B24B6518900D03A7C /* SwiftUI.framework */,
			);
			name = Frameworks;
			sourceTree = "<group>";
		};
		34462E9D24B6518900D03A7C /* DailyReport */ = {
			isa = PBXGroup;
			children = (
				34462E9E24B6518900D03A7C /* DailyReport.swift */,
				34462EA024B6518C00D03A7C /* Assets.xcassets */,
				34462EA224B6518C00D03A7C /* Info.plist */,
			);
			path = DailyReport;
			sourceTree = "<group>";
		};
		3470E67524C24EAB008235DC /* ViewModifiers */ = {
			isa = PBXGroup;
			children = (
				3470E69A24C259B6008235DC /* HeaderModifier.swift */,
				3470E69E24C25B0A008235DC /* CountryModifier.swift */,
				3470E68224C2516F008235DC /* TitleModifier.swift */,
				3470E68624C25195008235DC /* BodyModifier.swift */,
				3470E68E24C2550F008235DC /* NumbersModifier.swift */,
				3470E69624C256DD008235DC /* StatisticModifier.swift */,
				3470E6AA24C25ED0008235DC /* WidgetNumbersModifier.swift */,
			);
			name = ViewModifiers;
			path = "New Group";
			sourceTree = "<group>";
		};
		3470E6A324C25C3F008235DC /* Statistic */ = {
			isa = PBXGroup;
			children = (
				34462E5C24B5025300D03A7C /* StatisticView.swift */,
				34462E8124B636AB00D03A7C /* StatisticHeaderView.swift */,
				34462E7E24B6360F00D03A7C /* CountryView.swift */,
			);
			path = Statistic;
			sourceTree = "<group>";
		};
		3470E6A424C25C4B008235DC /* CountryDetail */ = {
			isa = PBXGroup;
			children = (
				34462E8D24B6458D00D03A7C /* CountryDetailView.swift */,
				34462E9024B645DD00D03A7C /* DateView.swift */,
				34462E8A24B641D900D03A7C /* TestView.swift */,
				34462E8424B6379400D03A7C /* CaseView.swift */,
				34462E8724B63FA500D03A7C /* DeathView.swift */,
			);
			path = CountryDetail;
			sourceTree = "<group>";
		};
		3470E6A524C25C68008235DC /* General */ = {
			isa = PBXGroup;
			children = (
				3470E68A24C25348008235DC /* NumbersView.swift */,
				3470E6A624C25DFF008235DC /* WidgetNumbersView.swift */,
			);
			path = General;
			sourceTree = "<group>";
		};
/* End PBXGroup section */

/* Begin PBXNativeTarget section */
		34462E3C24B5005200D03A7C /* iOS */ = {
			isa = PBXNativeTarget;
			buildConfigurationList = 34462E5124B5005200D03A7C /* Build configuration list for PBXNativeTarget "iOS" */;
			buildPhases = (
				34462E3924B5005200D03A7C /* Sources */,
				34462E3A24B5005200D03A7C /* Frameworks */,
				34462E3B24B5005200D03A7C /* Resources */,
				34462EA924B6518C00D03A7C /* Embed App Extensions */,
			);
			buildRules = (
			);
			dependencies = (
				34462EA424B6518C00D03A7C /* PBXTargetDependency */,
			);
			name = iOS;
			packageProductDependencies = (
				34462E6024B5032200D03A7C /* Alamofire */,
			);
			productName = iOS;
			productReference = 34462E3D24B5005200D03A7C /* Covid19Tracker.app */;
			productType = "com.apple.product-type.application";
		};
		34462E4424B5005200D03A7C /* macOS */ = {
			isa = PBXNativeTarget;
			buildConfigurationList = 34462E5424B5005200D03A7C /* Build configuration list for PBXNativeTarget "macOS" */;
			buildPhases = (
				34462E4124B5005200D03A7C /* Sources */,
				34462E4224B5005200D03A7C /* Frameworks */,
				34462E4324B5005200D03A7C /* Resources */,
			);
			buildRules = (
			);
			dependencies = (
			);
			name = macOS;
			productName = macOS;
			productReference = 34462E4524B5005200D03A7C /* Covid19Tracker.app */;
			productType = "com.apple.product-type.application";
		};
		34462E9624B6518900D03A7C /* DailyReportExtension */ = {
			isa = PBXNativeTarget;
			buildConfigurationList = 34462EA624B6518C00D03A7C /* Build configuration list for PBXNativeTarget "DailyReportExtension" */;
			buildPhases = (
				34462E9324B6518900D03A7C /* Sources */,
				34462E9424B6518900D03A7C /* Frameworks */,
				34462E9524B6518900D03A7C /* Resources */,
			);
			buildRules = (
			);
			dependencies = (
			);
			name = DailyReportExtension;
			productName = DailyReportExtension;
			productReference = 34462E9724B6518900D03A7C /* DailyReportExtension.appex */;
			productType = "com.apple.product-type.app-extension";
		};
/* End PBXNativeTarget section */

/* Begin PBXProject section */
		34462E3124B5004F00D03A7C /* Project object */ = {
			isa = PBXProject;
			attributes = {
				LastSwiftUpdateCheck = 1200;
				LastUpgradeCheck = 1200;
				TargetAttributes = {
					34462E3C24B5005200D03A7C = {
						CreatedOnToolsVersion = 12.0;
					};
					34462E4424B5005200D03A7C = {
						CreatedOnToolsVersion = 12.0;
					};
					34462E9624B6518900D03A7C = {
						CreatedOnToolsVersion = 12.0;
					};
				};
			};
			buildConfigurationList = 34462E3424B5004F00D03A7C /* Build configuration list for PBXProject "Covid19Tracker" */;
			compatibilityVersion = "Xcode 9.3";
			developmentRegion = en;
			hasScannedForEncodings = 0;
			knownRegions = (
				en,
				Base,
			);
			mainGroup = 34462E3024B5004F00D03A7C;
			packageReferences = (
				34462E5F24B5032200D03A7C /* XCRemoteSwiftPackageReference "Alamofire" */,
			);
			productRefGroup = 34462E3E24B5005200D03A7C /* Products */;
			projectDirPath = "";
			projectRoot = "";
			targets = (
				34462E3C24B5005200D03A7C /* iOS */,
				34462E4424B5005200D03A7C /* macOS */,
				34462E9624B6518900D03A7C /* DailyReportExtension */,
			);
		};
/* End PBXProject section */

/* Begin PBXResourcesBuildPhase section */
		34462E3B24B5005200D03A7C /* Resources */ = {
			isa = PBXResourcesBuildPhase;
			buildActionMask = 2147483647;
			files = (
				34462E4D24B5005200D03A7C /* Assets.xcassets in Resources */,
			);
			runOnlyForDeploymentPostprocessing = 0;
		};
		34462E4324B5005200D03A7C /* Resources */ = {
			isa = PBXResourcesBuildPhase;
			buildActionMask = 2147483647;
			files = (
				34462E4E24B5005200D03A7C /* Assets.xcassets in Resources */,
			);
			runOnlyForDeploymentPostprocessing = 0;
		};
		34462E9524B6518900D03A7C /* Resources */ = {
			isa = PBXResourcesBuildPhase;
			buildActionMask = 2147483647;
			files = (
				34462EA124B6518C00D03A7C /* Assets.xcassets in Resources */,
			);
			runOnlyForDeploymentPostprocessing = 0;
		};
/* End PBXResourcesBuildPhase section */

/* Begin PBXSourcesBuildPhase section */
		34462E3924B5005200D03A7C /* Sources */ = {
			isa = PBXSourcesBuildPhase;
			buildActionMask = 2147483647;
			files = (
				34462E8E24B6458D00D03A7C /* CountryDetailView.swift in Sources */,
				34462E8224B636AB00D03A7C /* StatisticHeaderView.swift in Sources */,
				3470E67F24C24F40008235DC /* View+Modifiers.swift in Sources */,
				3470E68B24C25348008235DC /* NumbersView.swift in Sources */,
				3470E69724C256DD008235DC /* StatisticModifier.swift in Sources */,
				3470E6AB24C25ED0008235DC /* WidgetNumbersModifier.swift in Sources */,
				34462E6924B5047A00D03A7C /* StatisticModel.swift in Sources */,
				34462E7224B5054B00D03A7C /* NetworkRouter.swift in Sources */,
				3470E6A724C25DFF008235DC /* WidgetNumbersView.swift in Sources */,
				34462E7824B5056200D03A7C /* NetworkConstants.swift in Sources */,
				34462E8B24B641D900D03A7C /* TestView.swift in Sources */,
				34462E9124B645DD00D03A7C /* DateView.swift in Sources */,
				34462E8524B6379400D03A7C /* CaseView.swift in Sources */,
				3470E69B24C259B6008235DC /* HeaderModifier.swift in Sources */,
				34462E8824B63FA500D03A7C /* DeathView.swift in Sources */,
				3470E68724C25195008235DC /* BodyModifier.swift in Sources */,
				34462E7F24B6360F00D03A7C /* CountryView.swift in Sources */,
				3470E68F24C25510008235DC /* NumbersModifier.swift in Sources */,
				34462E5D24B5025300D03A7C /* StatisticView.swift in Sources */,
				34462E6C24B504AF00D03A7C /* Continent.swift in Sources */,
				34462EAB24B99EB400D03A7C /* NewCasesView.swift in Sources */,
				3470E69F24C25B0A008235DC /* CountryModifier.swift in Sources */,
				3470E68324C2516F008235DC /* TitleModifier.swift in Sources */,
				34462E6324B5034E00D03A7C /* ServiceClient.swift in Sources */,
				34462E7524B5055400D03A7C /* NetworkClient.swift in Sources */,
				34462E6F24B504DC00D03A7C /* StatisticResponseModel.swift in Sources */,
				34462E6624B5042400D03A7C /* NumbersModel.swift in Sources */,
				34462E7C24B50D0500D03A7C /* Color+Hex.swift in Sources */,
				34462E4924B5005200D03A7C /* Covid19TrackerApp.swift in Sources */,
				34462EB824B9ADCF00D03A7C /* URLSessionServiceClient.swift in Sources */,
			);
			runOnlyForDeploymentPostprocessing = 0;
		};
		34462E4124B5005200D03A7C /* Sources */ = {
			isa = PBXSourcesBuildPhase;
			buildActionMask = 2147483647;
			files = (
				34462E8F24B6458D00D03A7C /* CountryDetailView.swift in Sources */,
				34462E8324B636AB00D03A7C /* StatisticHeaderView.swift in Sources */,
				3470E68024C24F40008235DC /* View+Modifiers.swift in Sources */,
				3470E68C24C25348008235DC /* NumbersView.swift in Sources */,
				3470E69824C256DD008235DC /* StatisticModifier.swift in Sources */,
				3470E6AC24C25ED0008235DC /* WidgetNumbersModifier.swift in Sources */,
				34462E6A24B5047A00D03A7C /* StatisticModel.swift in Sources */,
				34462E7324B5054B00D03A7C /* NetworkRouter.swift in Sources */,
				3470E6A824C25DFF008235DC /* WidgetNumbersView.swift in Sources */,
				34462E7924B5056200D03A7C /* NetworkConstants.swift in Sources */,
				34462E8C24B641D900D03A7C /* TestView.swift in Sources */,
				34462E9224B645DD00D03A7C /* DateView.swift in Sources */,
				34462E8624B6379400D03A7C /* CaseView.swift in Sources */,
				3470E69C24C259B6008235DC /* HeaderModifier.swift in Sources */,
				34462E8924B63FA500D03A7C /* DeathView.swift in Sources */,
				3470E68824C25195008235DC /* BodyModifier.swift in Sources */,
				34462E8024B6360F00D03A7C /* CountryView.swift in Sources */,
				3470E69024C25510008235DC /* NumbersModifier.swift in Sources */,
				34462E5E24B5025300D03A7C /* StatisticView.swift in Sources */,
				34462E6D24B504AF00D03A7C /* Continent.swift in Sources */,
				34462EAC24B99EB400D03A7C /* NewCasesView.swift in Sources */,
				3470E6A024C25B0A008235DC /* CountryModifier.swift in Sources */,
				3470E68424C2516F008235DC /* TitleModifier.swift in Sources */,
				34462E6424B5034E00D03A7C /* ServiceClient.swift in Sources */,
				34462E7624B5055400D03A7C /* NetworkClient.swift in Sources */,
				34462E7024B504DC00D03A7C /* StatisticResponseModel.swift in Sources */,
				34462E6724B5042400D03A7C /* NumbersModel.swift in Sources */,
				34462E7D24B50D0500D03A7C /* Color+Hex.swift in Sources */,
				34462E4A24B5005200D03A7C /* Covid19TrackerApp.swift in Sources */,
				34462EB924B9ADCF00D03A7C /* URLSessionServiceClient.swift in Sources */,
			);
			runOnlyForDeploymentPostprocessing = 0;
		};
		34462E9324B6518900D03A7C /* Sources */ = {
			isa = PBXSourcesBuildPhase;
			buildActionMask = 2147483647;
			files = (
				34462EBB24B9B0A800D03A7C /* NetworkConstants.swift in Sources */,
				34462E9F24B6518900D03A7C /* DailyReport.swift in Sources */,
				3470E69124C25510008235DC /* NumbersModifier.swift in Sources */,
				3470E6A924C25DFF008235DC /* WidgetNumbersView.swift in Sources */,
				3470E68524C2516F008235DC /* TitleModifier.swift in Sources */,
				34462EB024B99F6000D03A7C /* StatisticResponseModel.swift in Sources */,
				34462EAD24B99EB400D03A7C /* NewCasesView.swift in Sources */,
				3470E69D24C259B6008235DC /* HeaderModifier.swift in Sources */,
				3470E6A124C25B0A008235DC /* CountryModifier.swift in Sources */,
				34462EB224B99F6000D03A7C /* NumbersModel.swift in Sources */,
				3470E69924C256DD008235DC /* StatisticModifier.swift in Sources */,
				3470E68124C24F40008235DC /* View+Modifiers.swift in Sources */,
				34462EB324B99F6000D03A7C /* Continent.swift in Sources */,
				34462EB124B99F6000D03A7C /* StatisticModel.swift in Sources */,
				3470E68924C25195008235DC /* BodyModifier.swift in Sources */,
				34462EAE24B99F4E00D03A7C /* Color+Hex.swift in Sources */,
				34462EBA24B9ADCF00D03A7C /* URLSessionServiceClient.swift in Sources */,
				3470E6AD24C25ED0008235DC /* WidgetNumbersModifier.swift in Sources */,
			);
			runOnlyForDeploymentPostprocessing = 0;
		};
/* End PBXSourcesBuildPhase section */

/* Begin PBXTargetDependency section */
		34462EA424B6518C00D03A7C /* PBXTargetDependency */ = {
			isa = PBXTargetDependency;
			target = 34462E9624B6518900D03A7C /* DailyReportExtension */;
			targetProxy = 34462EA324B6518C00D03A7C /* PBXContainerItemProxy */;
		};
/* End PBXTargetDependency section */

/* Begin XCBuildConfiguration section */
		34462E4F24B5005200D03A7C /* Debug */ = {
			isa = XCBuildConfiguration;
			buildSettings = {
				ALWAYS_SEARCH_USER_PATHS = NO;
				CLANG_ANALYZER_NONNULL = YES;
				CLANG_ANALYZER_NUMBER_OBJECT_CONVERSION = YES_AGGRESSIVE;
				CLANG_CXX_LANGUAGE_STANDARD = "gnu++14";
				CLANG_CXX_LIBRARY = "libc++";
				CLANG_ENABLE_MODULES = YES;
				CLANG_ENABLE_OBJC_ARC = YES;
				CLANG_ENABLE_OBJC_WEAK = YES;
				CLANG_WARN_BLOCK_CAPTURE_AUTORELEASING = YES;
				CLANG_WARN_BOOL_CONVERSION = YES;
				CLANG_WARN_COMMA = YES;
				CLANG_WARN_CONSTANT_CONVERSION = YES;
				CLANG_WARN_DEPRECATED_OBJC_IMPLEMENTATIONS = YES;
				CLANG_WARN_DIRECT_OBJC_ISA_USAGE = YES_ERROR;
				CLANG_WARN_DOCUMENTATION_COMMENTS = YES;
				CLANG_WARN_EMPTY_BODY = YES;
				CLANG_WARN_ENUM_CONVERSION = YES;
				CLANG_WARN_INFINITE_RECURSION = YES;
				CLANG_WARN_INT_CONVERSION = YES;
				CLANG_WARN_NON_LITERAL_NULL_CONVERSION = YES;
				CLANG_WARN_OBJC_IMPLICIT_RETAIN_SELF = YES;
				CLANG_WARN_OBJC_LITERAL_CONVERSION = YES;
				CLANG_WARN_OBJC_ROOT_CLASS = YES_ERROR;
				CLANG_WARN_QUOTED_INCLUDE_IN_FRAMEWORK_HEADER = YES;
				CLANG_WARN_RANGE_LOOP_ANALYSIS = YES;
				CLANG_WARN_STRICT_PROTOTYPES = YES;
				CLANG_WARN_SUSPICIOUS_MOVE = YES;
				CLANG_WARN_UNGUARDED_AVAILABILITY = YES_AGGRESSIVE;
				CLANG_WARN_UNREACHABLE_CODE = YES;
				CLANG_WARN__DUPLICATE_METHOD_MATCH = YES;
				COPY_PHASE_STRIP = NO;
				DEBUG_INFORMATION_FORMAT = dwarf;
				ENABLE_STRICT_OBJC_MSGSEND = YES;
				ENABLE_TESTABILITY = YES;
				GCC_C_LANGUAGE_STANDARD = gnu11;
				GCC_DYNAMIC_NO_PIC = NO;
				GCC_NO_COMMON_BLOCKS = YES;
				GCC_OPTIMIZATION_LEVEL = 0;
				GCC_PREPROCESSOR_DEFINITIONS = (
					"DEBUG=1",
					"$(inherited)",
				);
				GCC_WARN_64_TO_32_BIT_CONVERSION = YES;
				GCC_WARN_ABOUT_RETURN_TYPE = YES_ERROR;
				GCC_WARN_UNDECLARED_SELECTOR = YES;
				GCC_WARN_UNINITIALIZED_AUTOS = YES_AGGRESSIVE;
				GCC_WARN_UNUSED_FUNCTION = YES;
				GCC_WARN_UNUSED_VARIABLE = YES;
				MTL_ENABLE_DEBUG_INFO = INCLUDE_SOURCE;
				MTL_FAST_MATH = YES;
				ONLY_ACTIVE_ARCH = YES;
				SWIFT_ACTIVE_COMPILATION_CONDITIONS = DEBUG;
				SWIFT_OPTIMIZATION_LEVEL = "-Onone";
			};
			name = Debug;
		};
		34462E5024B5005200D03A7C /* Release */ = {
			isa = XCBuildConfiguration;
			buildSettings = {
				ALWAYS_SEARCH_USER_PATHS = NO;
				CLANG_ANALYZER_NONNULL = YES;
				CLANG_ANALYZER_NUMBER_OBJECT_CONVERSION = YES_AGGRESSIVE;
				CLANG_CXX_LANGUAGE_STANDARD = "gnu++14";
				CLANG_CXX_LIBRARY = "libc++";
				CLANG_ENABLE_MODULES = YES;
				CLANG_ENABLE_OBJC_ARC = YES;
				CLANG_ENABLE_OBJC_WEAK = YES;
				CLANG_WARN_BLOCK_CAPTURE_AUTORELEASING = YES;
				CLANG_WARN_BOOL_CONVERSION = YES;
				CLANG_WARN_COMMA = YES;
				CLANG_WARN_CONSTANT_CONVERSION = YES;
				CLANG_WARN_DEPRECATED_OBJC_IMPLEMENTATIONS = YES;
				CLANG_WARN_DIRECT_OBJC_ISA_USAGE = YES_ERROR;
				CLANG_WARN_DOCUMENTATION_COMMENTS = YES;
				CLANG_WARN_EMPTY_BODY = YES;
				CLANG_WARN_ENUM_CONVERSION = YES;
				CLANG_WARN_INFINITE_RECURSION = YES;
				CLANG_WARN_INT_CONVERSION = YES;
				CLANG_WARN_NON_LITERAL_NULL_CONVERSION = YES;
				CLANG_WARN_OBJC_IMPLICIT_RETAIN_SELF = YES;
				CLANG_WARN_OBJC_LITERAL_CONVERSION = YES;
				CLANG_WARN_OBJC_ROOT_CLASS = YES_ERROR;
				CLANG_WARN_QUOTED_INCLUDE_IN_FRAMEWORK_HEADER = YES;
				CLANG_WARN_RANGE_LOOP_ANALYSIS = YES;
				CLANG_WARN_STRICT_PROTOTYPES = YES;
				CLANG_WARN_SUSPICIOUS_MOVE = YES;
				CLANG_WARN_UNGUARDED_AVAILABILITY = YES_AGGRESSIVE;
				CLANG_WARN_UNREACHABLE_CODE = YES;
				CLANG_WARN__DUPLICATE_METHOD_MATCH = YES;
				COPY_PHASE_STRIP = NO;
				DEBUG_INFORMATION_FORMAT = "dwarf-with-dsym";
				ENABLE_NS_ASSERTIONS = NO;
				ENABLE_STRICT_OBJC_MSGSEND = YES;
				GCC_C_LANGUAGE_STANDARD = gnu11;
				GCC_NO_COMMON_BLOCKS = YES;
				GCC_WARN_64_TO_32_BIT_CONVERSION = YES;
				GCC_WARN_ABOUT_RETURN_TYPE = YES_ERROR;
				GCC_WARN_UNDECLARED_SELECTOR = YES;
				GCC_WARN_UNINITIALIZED_AUTOS = YES_AGGRESSIVE;
				GCC_WARN_UNUSED_FUNCTION = YES;
				GCC_WARN_UNUSED_VARIABLE = YES;
				MTL_ENABLE_DEBUG_INFO = NO;
				MTL_FAST_MATH = YES;
				SWIFT_COMPILATION_MODE = wholemodule;
				SWIFT_OPTIMIZATION_LEVEL = "-O";
			};
			name = Release;
		};
		34462E5224B5005200D03A7C /* Debug */ = {
			isa = XCBuildConfiguration;
			buildSettings = {
				ALWAYS_EMBED_SWIFT_STANDARD_LIBRARIES = YES;
				ASSETCATALOG_COMPILER_APPICON_NAME = AppIcon;
				ASSETCATALOG_COMPILER_GLOBAL_ACCENT_COLOR_NAME = AccentColor;
				CODE_SIGN_STYLE = Automatic;
				DEVELOPMENT_TEAM = 75PKQ5LQ7V;
				ENABLE_PREVIEWS = YES;
				INFOPLIST_FILE = iOS/Info.plist;
				IPHONEOS_DEPLOYMENT_TARGET = 14.0;
				LD_RUNPATH_SEARCH_PATHS = (
					"$(inherited)",
					"@executable_path/Frameworks",
				);
				PRODUCT_BUNDLE_IDENTIFIER = com.serdarturan.Covid19Tracker;
				PRODUCT_NAME = Covid19Tracker;
				SDKROOT = iphoneos;
				SWIFT_VERSION = 5.0;
				TARGETED_DEVICE_FAMILY = "1,2";
			};
			name = Debug;
		};
		34462E5324B5005200D03A7C /* Release */ = {
			isa = XCBuildConfiguration;
			buildSettings = {
				ALWAYS_EMBED_SWIFT_STANDARD_LIBRARIES = YES;
				ASSETCATALOG_COMPILER_APPICON_NAME = AppIcon;
				ASSETCATALOG_COMPILER_GLOBAL_ACCENT_COLOR_NAME = AccentColor;
				CODE_SIGN_STYLE = Automatic;
				DEVELOPMENT_TEAM = 75PKQ5LQ7V;
				ENABLE_PREVIEWS = YES;
				INFOPLIST_FILE = iOS/Info.plist;
				IPHONEOS_DEPLOYMENT_TARGET = 14.0;
				LD_RUNPATH_SEARCH_PATHS = (
					"$(inherited)",
					"@executable_path/Frameworks",
				);
				PRODUCT_BUNDLE_IDENTIFIER = com.serdarturan.Covid19Tracker;
				PRODUCT_NAME = Covid19Tracker;
				SDKROOT = iphoneos;
				SWIFT_VERSION = 5.0;
				TARGETED_DEVICE_FAMILY = "1,2";
				VALIDATE_PRODUCT = YES;
			};
			name = Release;
		};
		34462E5524B5005200D03A7C /* Debug */ = {
			isa = XCBuildConfiguration;
			buildSettings = {
				ASSETCATALOG_COMPILER_APPICON_NAME = AppIcon;
				ASSETCATALOG_COMPILER_GLOBAL_ACCENT_COLOR_NAME = AccentColor;
				CODE_SIGN_ENTITLEMENTS = macOS/macOS.entitlements;
				CODE_SIGN_STYLE = Automatic;
				COMBINE_HIDPI_IMAGES = YES;
				DEVELOPMENT_TEAM = 75PKQ5LQ7V;
				ENABLE_HARDENED_RUNTIME = YES;
				ENABLE_PREVIEWS = YES;
				INFOPLIST_FILE = macOS/Info.plist;
				LD_RUNPATH_SEARCH_PATHS = (
					"$(inherited)",
					"@executable_path/../Frameworks",
				);
				MACOSX_DEPLOYMENT_TARGET = 10.16;
				PRODUCT_BUNDLE_IDENTIFIER = com.serdarturan.Covid19Tracker;
				PRODUCT_NAME = Covid19Tracker;
				SDKROOT = macosx;
				SWIFT_VERSION = 5.0;
			};
			name = Debug;
		};
		34462E5624B5005200D03A7C /* Release */ = {
			isa = XCBuildConfiguration;
			buildSettings = {
				ASSETCATALOG_COMPILER_APPICON_NAME = AppIcon;
				ASSETCATALOG_COMPILER_GLOBAL_ACCENT_COLOR_NAME = AccentColor;
				CODE_SIGN_ENTITLEMENTS = macOS/macOS.entitlements;
				CODE_SIGN_STYLE = Automatic;
				COMBINE_HIDPI_IMAGES = YES;
				DEVELOPMENT_TEAM = 75PKQ5LQ7V;
				ENABLE_HARDENED_RUNTIME = YES;
				ENABLE_PREVIEWS = YES;
				INFOPLIST_FILE = macOS/Info.plist;
				LD_RUNPATH_SEARCH_PATHS = (
					"$(inherited)",
					"@executable_path/../Frameworks",
				);
				MACOSX_DEPLOYMENT_TARGET = 10.16;
				PRODUCT_BUNDLE_IDENTIFIER = com.serdarturan.Covid19Tracker;
				PRODUCT_NAME = Covid19Tracker;
				SDKROOT = macosx;
				SWIFT_VERSION = 5.0;
			};
			name = Release;
		};
		34462EA724B6518C00D03A7C /* Debug */ = {
			isa = XCBuildConfiguration;
			buildSettings = {
				ASSETCATALOG_COMPILER_GLOBAL_ACCENT_COLOR_NAME = AccentColor;
				ASSETCATALOG_COMPILER_WIDGET_BACKGROUND_COLOR_NAME = WidgetBackground;
				CODE_SIGN_STYLE = Automatic;
				DEVELOPMENT_TEAM = 75PKQ5LQ7V;
				INFOPLIST_FILE = DailyReport/Info.plist;
				IPHONEOS_DEPLOYMENT_TARGET = 14.0;
				LD_RUNPATH_SEARCH_PATHS = (
					"$(inherited)",
					"@executable_path/Frameworks",
					"@executable_path/../../Frameworks",
				);
				PRODUCT_BUNDLE_IDENTIFIER = com.serdarturan.Covid19Tracker.DailyReport;
				PRODUCT_NAME = "$(TARGET_NAME)";
				SDKROOT = iphoneos;
				SKIP_INSTALL = YES;
				SWIFT_VERSION = 5.0;
				TARGETED_DEVICE_FAMILY = "1,2";
			};
			name = Debug;
		};
		34462EA824B6518C00D03A7C /* Release */ = {
			isa = XCBuildConfiguration;
			buildSettings = {
				ASSETCATALOG_COMPILER_GLOBAL_ACCENT_COLOR_NAME = AccentColor;
				ASSETCATALOG_COMPILER_WIDGET_BACKGROUND_COLOR_NAME = WidgetBackground;
				CODE_SIGN_STYLE = Automatic;
				DEVELOPMENT_TEAM = 75PKQ5LQ7V;
				INFOPLIST_FILE = DailyReport/Info.plist;
				IPHONEOS_DEPLOYMENT_TARGET = 14.0;
				LD_RUNPATH_SEARCH_PATHS = (
					"$(inherited)",
					"@executable_path/Frameworks",
					"@executable_path/../../Frameworks",
				);
				PRODUCT_BUNDLE_IDENTIFIER = com.serdarturan.Covid19Tracker.DailyReport;
				PRODUCT_NAME = "$(TARGET_NAME)";
				SDKROOT = iphoneos;
				SKIP_INSTALL = YES;
				SWIFT_VERSION = 5.0;
				TARGETED_DEVICE_FAMILY = "1,2";
				VALIDATE_PRODUCT = YES;
			};
			name = Release;
		};
/* End XCBuildConfiguration section */

/* Begin XCConfigurationList section */
		34462E3424B5004F00D03A7C /* Build configuration list for PBXProject "Covid19Tracker" */ = {
			isa = XCConfigurationList;
			buildConfigurations = (
				34462E4F24B5005200D03A7C /* Debug */,
				34462E5024B5005200D03A7C /* Release */,
			);
			defaultConfigurationIsVisible = 0;
			defaultConfigurationName = Release;
		};
		34462E5124B5005200D03A7C /* Build configuration list for PBXNativeTarget "iOS" */ = {
			isa = XCConfigurationList;
			buildConfigurations = (
				34462E5224B5005200D03A7C /* Debug */,
				34462E5324B5005200D03A7C /* Release */,
			);
			defaultConfigurationIsVisible = 0;
			defaultConfigurationName = Release;
		};
		34462E5424B5005200D03A7C /* Build configuration list for PBXNativeTarget "macOS" */ = {
			isa = XCConfigurationList;
			buildConfigurations = (
				34462E5524B5005200D03A7C /* Debug */,
				34462E5624B5005200D03A7C /* Release */,
			);
			defaultConfigurationIsVisible = 0;
			defaultConfigurationName = Release;
		};
		34462EA624B6518C00D03A7C /* Build configuration list for PBXNativeTarget "DailyReportExtension" */ = {
			isa = XCConfigurationList;
			buildConfigurations = (
				34462EA724B6518C00D03A7C /* Debug */,
				34462EA824B6518C00D03A7C /* Release */,
			);
			defaultConfigurationIsVisible = 0;
			defaultConfigurationName = Release;
		};
/* End XCConfigurationList section */

/* Begin XCRemoteSwiftPackageReference section */
		34462E5F24B5032200D03A7C /* XCRemoteSwiftPackageReference "Alamofire" */ = {
			isa = XCRemoteSwiftPackageReference;
			repositoryURL = "https://github.com/Alamofire/Alamofire.git";
			requirement = {
				kind = upToNextMajorVersion;
				minimumVersion = 5.2.1;
			};
		};
/* End XCRemoteSwiftPackageReference section */

/* Begin XCSwiftPackageProductDependency section */
		34462E6024B5032200D03A7C /* Alamofire */ = {
			isa = XCSwiftPackageProductDependency;
			package = 34462E5F24B5032200D03A7C /* XCRemoteSwiftPackageReference "Alamofire" */;
			productName = Alamofire;
		};
/* End XCSwiftPackageProductDependency section */
	};
	rootObject = 34462E3124B5004F00D03A7C /* Project object */;
}
