// !$*UTF8*$!
{
	archiveVersion = 1;
	classes = {
	};
	objectVersion = 52;
	objects = {

/* Begin PBXBuildFile section */
		34462E4924B5005200D03A7C /* Covid19TrackerApp.swift in Sources */ = {isa = PBXBuildFile; fileRef = 34462E3624B5004F00D03A7C /* Covid19TrackerApp.swift */; };
		34462E4A24B5005200D03A7C /* Covid19TrackerApp.swift in Sources */ = {isa = PBXBuildFile; fileRef = 34462E3624B5004F00D03A7C /* Covid19TrackerApp.swift */; };
		34462E4D24B5005200D03A7C /* Assets.xcassets in Resources */ = {isa = PBXBuildFile; fileRef = 34462E3824B5005200D03A7C /* Assets.xcassets */; };
		34462E4E24B5005200D03A7C /* Assets.xcassets in Resources */ = {isa = PBXBuildFile; fileRef = 34462E3824B5005200D03A7C /* Assets.xcassets */; };
		34462E5D24B5025300D03A7C /* StatisticView.swift in Sources */ = {isa = PBXBuildFile; fileRef = 34462E5C24B5025300D03A7C /* StatisticView.swift */; };
		34462E5E24B5025300D03A7C /* StatisticView.swift in Sources */ = {isa = PBXBuildFile; fileRef = 34462E5C24B5025300D03A7C /* StatisticView.swift */; };
		34462E6124B5032200D03A7C /* Alamofire in Frameworks */ = {isa = PBXBuildFile; productRef = 34462E6024B5032200D03A7C /* Alamofire */; };
		34462E6324B5034E00D03A7C /* ServiceClient.swift in Sources */ = {isa = PBXBuildFile; fileRef = 34462E6224B5034E00D03A7C /* ServiceClient.swift */; };
		34462E6424B5034E00D03A7C /* ServiceClient.swift in Sources */ = {isa = PBXBuildFile; fileRef = 34462E6224B5034E00D03A7C /* ServiceClient.swift */; };
		34462E6624B5042400D03A7C /* NumbersModel.swift in Sources */ = {isa = PBXBuildFile; fileRef = 34462E6524B5042400D03A7C /* NumbersModel.swift */; };
		34462E6724B5042400D03A7C /* NumbersModel.swift in Sources */ = {isa = PBXBuildFile; fileRef = 34462E6524B5042400D03A7C /* NumbersModel.swift */; };
		34462E6924B5047A00D03A7C /* StatisticModel.swift in Sources */ = {isa = PBXBuildFile; fileRef = 34462E6824B5047A00D03A7C /* StatisticModel.swift */; };
		34462E6A24B5047A00D03A7C /* StatisticModel.swift in Sources */ = {isa = PBXBuildFile; fileRef = 34462E6824B5047A00D03A7C /* StatisticModel.swift */; };
		34462E6C24B504AF00D03A7C /* Continent.swift in Sources */ = {isa = PBXBuildFile; fileRef = 34462E6B24B504AF00D03A7C /* Continent.swift */; };
		34462E6D24B504AF00D03A7C /* Continent.swift in Sources */ = {isa = PBXBuildFile; fileRef = 34462E6B24B504AF00D03A7C /* Continent.swift */; };
		34462E6F24B504DC00D03A7C /* StatisticResponseModel.swift in Sources */ = {isa = PBXBuildFile; fileRef = 34462E6E24B504DC00D03A7C /* StatisticResponseModel.swift */; };
		34462E7024B504DC00D03A7C /* StatisticResponseModel.swift in Sources */ = {isa = PBXBuildFile; fileRef = 34462E6E24B504DC00D03A7C /* StatisticResponseModel.swift */; };
		34462E7224B5054B00D03A7C /* NetworkRouter.swift in Sources */ = {isa = PBXBuildFile; fileRef = 34462E7124B5054B00D03A7C /* NetworkRouter.swift */; };
		34462E7324B5054B00D03A7C /* NetworkRouter.swift in Sources */ = {isa = PBXBuildFile; fileRef = 34462E7124B5054B00D03A7C /* NetworkRouter.swift */; };
		34462E7524B5055400D03A7C /* NetworkClient.swift in Sources */ = {isa = PBXBuildFile; fileRef = 34462E7424B5055400D03A7C /* NetworkClient.swift */; };
		34462E7624B5055400D03A7C /* NetworkClient.swift in Sources */ = {isa = PBXBuildFile; fileRef = 34462E7424B5055400D03A7C /* NetworkClient.swift */; };
		34462E7824B5056200D03A7C /* NetworkConstants.swift in Sources */ = {isa = PBXBuildFile; fileRef = 34462E7724B5056200D03A7C /* NetworkConstants.swift */; };
		34462E7924B5056200D03A7C /* NetworkConstants.swift in Sources */ = {isa = PBXBuildFile; fileRef = 34462E7724B5056200D03A7C /* NetworkConstants.swift */; };
		34462E7C24B50D0500D03A7C /* Color+Hex.swift in Sources */ = {isa = PBXBuildFile; fileRef = 34462E7B24B50D0500D03A7C /* Color+Hex.swift */; };
		34462E7D24B50D0500D03A7C /* Color+Hex.swift in Sources */ = {isa = PBXBuildFile; fileRef = 34462E7B24B50D0500D03A7C /* Color+Hex.swift */; };
		34462E7F24B6360F00D03A7C /* CountryView.swift in Sources */ = {isa = PBXBuildFile; fileRef = 34462E7E24B6360F00D03A7C /* CountryView.swift */; };
		34462E8024B6360F00D03A7C /* CountryView.swift in Sources */ = {isa = PBXBuildFile; fileRef = 34462E7E24B6360F00D03A7C /* CountryView.swift */; };
		34462E8224B636AB00D03A7C /* StatisticHeaderView.swift in Sources */ = {isa = PBXBuildFile; fileRef = 34462E8124B636AB00D03A7C /* StatisticHeaderView.swift */; };
		34462E8324B636AB00D03A7C /* StatisticHeaderView.swift in Sources */ = {isa = PBXBuildFile; fileRef = 34462E8124B636AB00D03A7C /* StatisticHeaderView.swift */; };
		34462E8524B6379400D03A7C /* CaseView.swift in Sources */ = {isa = PBXBuildFile; fileRef = 34462E8424B6379400D03A7C /* CaseView.swift */; };
		34462E8624B6379400D03A7C /* CaseView.swift in Sources */ = {isa = PBXBuildFile; fileRef = 34462E8424B6379400D03A7C /* CaseView.swift */; };
		34462E8824B63FA500D03A7C /* DeathView.swift in Sources */ = {isa = PBXBuildFile; fileRef = 34462E8724B63FA500D03A7C /* DeathView.swift */; };
		34462E8924B63FA500D03A7C /* DeathView.swift in Sources */ = {isa = PBXBuildFile; fileRef = 34462E8724B63FA500D03A7C /* DeathView.swift */; };
/* End PBXBuildFile section */

/* Begin PBXFileReference section */
		34462E3624B5004F00D03A7C /* Covid19TrackerApp.swift */ = {isa = PBXFileReference; lastKnownFileType = sourcecode.swift; path = Covid19TrackerApp.swift; sourceTree = "<group>"; };
		34462E3824B5005200D03A7C /* Assets.xcassets */ = {isa = PBXFileReference; lastKnownFileType = folder.assetcatalog; path = Assets.xcassets; sourceTree = "<group>"; };
		34462E3D24B5005200D03A7C /* Covid19Tracker.app */ = {isa = PBXFileReference; explicitFileType = wrapper.application; includeInIndex = 0; path = Covid19Tracker.app; sourceTree = BUILT_PRODUCTS_DIR; };
		34462E4024B5005200D03A7C /* Info.plist */ = {isa = PBXFileReference; lastKnownFileType = text.plist.xml; path = Info.plist; sourceTree = "<group>"; };
		34462E4524B5005200D03A7C /* Covid19Tracker.app */ = {isa = PBXFileReference; explicitFileType = wrapper.application; includeInIndex = 0; path = Covid19Tracker.app; sourceTree = BUILT_PRODUCTS_DIR; };
		34462E4724B5005200D03A7C /* Info.plist */ = {isa = PBXFileReference; lastKnownFileType = text.plist.xml; path = Info.plist; sourceTree = "<group>"; };
		34462E4824B5005200D03A7C /* macOS.entitlements */ = {isa = PBXFileReference; lastKnownFileType = text.plist.entitlements; path = macOS.entitlements; sourceTree = "<group>"; };
		34462E5C24B5025300D03A7C /* StatisticView.swift */ = {isa = PBXFileReference; lastKnownFileType = sourcecode.swift; path = StatisticView.swift; sourceTree = "<group>"; };
		34462E6224B5034E00D03A7C /* ServiceClient.swift */ = {isa = PBXFileReference; lastKnownFileType = sourcecode.swift; path = ServiceClient.swift; sourceTree = "<group>"; };
		34462E6524B5042400D03A7C /* NumbersModel.swift */ = {isa = PBXFileReference; lastKnownFileType = sourcecode.swift; path = NumbersModel.swift; sourceTree = "<group>"; };
		34462E6824B5047A00D03A7C /* StatisticModel.swift */ = {isa = PBXFileReference; lastKnownFileType = sourcecode.swift; path = StatisticModel.swift; sourceTree = "<group>"; };
		34462E6B24B504AF00D03A7C /* Continent.swift */ = {isa = PBXFileReference; lastKnownFileType = sourcecode.swift; path = Continent.swift; sourceTree = "<group>"; };
		34462E6E24B504DC00D03A7C /* StatisticResponseModel.swift */ = {isa = PBXFileReference; lastKnownFileType = sourcecode.swift; path = StatisticResponseModel.swift; sourceTree = "<group>"; };
		34462E7124B5054B00D03A7C /* NetworkRouter.swift */ = {isa = PBXFileReference; lastKnownFileType = sourcecode.swift; path = NetworkRouter.swift; sourceTree = "<group>"; };
		34462E7424B5055400D03A7C /* NetworkClient.swift */ = {isa = PBXFileReference; lastKnownFileType = sourcecode.swift; path = NetworkClient.swift; sourceTree = "<group>"; };
		34462E7724B5056200D03A7C /* NetworkConstants.swift */ = {isa = PBXFileReference; lastKnownFileType = sourcecode.swift; path = NetworkConstants.swift; sourceTree = "<group>"; };
		34462E7B24B50D0500D03A7C /* Color+Hex.swift */ = {isa = PBXFileReference; lastKnownFileType = sourcecode.swift; path = "Color+Hex.swift"; sourceTree = "<group>"; };
		34462E7E24B6360F00D03A7C /* CountryView.swift */ = {isa = PBXFileReference; lastKnownFileType = sourcecode.swift; path = CountryView.swift; sourceTree = "<group>"; };
		34462E8124B636AB00D03A7C /* StatisticHeaderView.swift */ = {isa = PBXFileReference; lastKnownFileType = sourcecode.swift; path = StatisticHeaderView.swift; sourceTree = "<group>"; };
		34462E8424B6379400D03A7C /* CaseView.swift */ = {isa = PBXFileReference; lastKnownFileType = sourcecode.swift; path = CaseView.swift; sourceTree = "<group>"; };
		34462E8724B63FA500D03A7C /* DeathView.swift */ = {isa = PBXFileReference; lastKnownFileType = sourcecode.swift; path = DeathView.swift; sourceTree = "<group>"; };
/* End PBXFileReference section */

/* Begin PBXFrameworksBuildPhase section */
		34462E3A24B5005200D03A7C /* Frameworks */ = {
			isa = PBXFrameworksBuildPhase;
			buildActionMask = 2147483647;
			files = (
				34462E6124B5032200D03A7C /* Alamofire in Frameworks */,
			);
			runOnlyForDeploymentPostprocessing = 0;
		};
		34462E4224B5005200D03A7C /* Frameworks */ = {
			isa = PBXFrameworksBuildPhase;
			buildActionMask = 2147483647;
			files = (
			);
			runOnlyForDeploymentPostprocessing = 0;
		};
/* End PBXFrameworksBuildPhase section */

/* Begin PBXGroup section */
		34462E3024B5004F00D03A7C = {
			isa = PBXGroup;
			children = (
				34462E3524B5004F00D03A7C /* Shared */,
				34462E3F24B5005200D03A7C /* iOS */,
				34462E4624B5005200D03A7C /* macOS */,
				34462E3E24B5005200D03A7C /* Products */,
			);
			sourceTree = "<group>";
		};
		34462E3524B5004F00D03A7C /* Shared */ = {
			isa = PBXGroup;
			children = (
				34462E5724B5005700D03A7C /* Common */,
				34462E5B24B5007700D03A7C /* Models */,
				34462E5A24B5007100D03A7C /* Networking */,
				34462E5824B5005E00D03A7C /* SupportingFiles */,
				34462E5924B5006D00D03A7C /* Views */,
			);
			path = Shared;
			sourceTree = "<group>";
		};
		34462E3E24B5005200D03A7C /* Products */ = {
			isa = PBXGroup;
			children = (
				34462E3D24B5005200D03A7C /* Covid19Tracker.app */,
				34462E4524B5005200D03A7C /* Covid19Tracker.app */,
			);
			name = Products;
			sourceTree = "<group>";
		};
		34462E3F24B5005200D03A7C /* iOS */ = {
			isa = PBXGroup;
			children = (
				34462E4024B5005200D03A7C /* Info.plist */,
			);
			path = iOS;
			sourceTree = "<group>";
		};
		34462E4624B5005200D03A7C /* macOS */ = {
			isa = PBXGroup;
			children = (
				34462E4724B5005200D03A7C /* Info.plist */,
				34462E4824B5005200D03A7C /* macOS.entitlements */,
			);
			path = macOS;
			sourceTree = "<group>";
		};
		34462E5724B5005700D03A7C /* Common */ = {
			isa = PBXGroup;
			children = (
				34462E3624B5004F00D03A7C /* Covid19TrackerApp.swift */,
			);
			path = Common;
			sourceTree = "<group>";
		};
		34462E5824B5005E00D03A7C /* SupportingFiles */ = {
			isa = PBXGroup;
			children = (
				34462E7A24B50CF500D03A7C /* Extensions */,
				34462E3824B5005200D03A7C /* Assets.xcassets */,
			);
			path = SupportingFiles;
			sourceTree = "<group>";
		};
		34462E5924B5006D00D03A7C /* Views */ = {
			isa = PBXGroup;
			children = (
				34462E5C24B5025300D03A7C /* StatisticView.swift */,
				34462E8124B636AB00D03A7C /* StatisticHeaderView.swift */,
				34462E7E24B6360F00D03A7C /* CountryView.swift */,
				34462E8424B6379400D03A7C /* CaseView.swift */,
				34462E8724B63FA500D03A7C /* DeathView.swift */,
			);
			path = Views;
			sourceTree = "<group>";
		};
		34462E5A24B5007100D03A7C /* Networking */ = {
			isa = PBXGroup;
			children = (
				34462E6224B5034E00D03A7C /* ServiceClient.swift */,
				34462E7424B5055400D03A7C /* NetworkClient.swift */,
				34462E7124B5054B00D03A7C /* NetworkRouter.swift */,
				34462E7724B5056200D03A7C /* NetworkConstants.swift */,
			);
			path = Networking;
			sourceTree = "<group>";
		};
		34462E5B24B5007700D03A7C /* Models */ = {
			isa = PBXGroup;
			children = (
				34462E6E24B504DC00D03A7C /* StatisticResponseModel.swift */,
				34462E6824B5047A00D03A7C /* StatisticModel.swift */,
				34462E6524B5042400D03A7C /* NumbersModel.swift */,
				34462E6B24B504AF00D03A7C /* Continent.swift */,
			);
			path = Models;
			sourceTree = "<group>";
		};
		34462E7A24B50CF500D03A7C /* Extensions */ = {
			isa = PBXGroup;
			children = (
				34462E7B24B50D0500D03A7C /* Color+Hex.swift */,
			);
			path = Extensions;
			sourceTree = "<group>";
		};
/* End PBXGroup section */

/* Begin PBXNativeTarget section */
		34462E3C24B5005200D03A7C /* iOS */ = {
			isa = PBXNativeTarget;
			buildConfigurationList = 34462E5124B5005200D03A7C /* Build configuration list for PBXNativeTarget "iOS" */;
			buildPhases = (
				34462E3924B5005200D03A7C /* Sources */,
				34462E3A24B5005200D03A7C /* Frameworks */,
				34462E3B24B5005200D03A7C /* Resources */,
			);
			buildRules = (
			);
			dependencies = (
			);
			name = iOS;
			packageProductDependencies = (
				34462E6024B5032200D03A7C /* Alamofire */,
			);
			productName = iOS;
			productReference = 34462E3D24B5005200D03A7C /* Covid19Tracker.app */;
			productType = "com.apple.product-type.application";
		};
		34462E4424B5005200D03A7C /* macOS */ = {
			isa = PBXNativeTarget;
			buildConfigurationList = 34462E5424B5005200D03A7C /* Build configuration list for PBXNativeTarget "macOS" */;
			buildPhases = (
				34462E4124B5005200D03A7C /* Sources */,
				34462E4224B5005200D03A7C /* Frameworks */,
				34462E4324B5005200D03A7C /* Resources */,
			);
			buildRules = (
			);
			dependencies = (
			);
			name = macOS;
			productName = macOS;
			productReference = 34462E4524B5005200D03A7C /* Covid19Tracker.app */;
			productType = "com.apple.product-type.application";
		};
/* End PBXNativeTarget section */

/* Begin PBXProject section */
		34462E3124B5004F00D03A7C /* Project object */ = {
			isa = PBXProject;
			attributes = {
				LastSwiftUpdateCheck = 1200;
				LastUpgradeCheck = 1200;
				TargetAttributes = {
					34462E3C24B5005200D03A7C = {
						CreatedOnToolsVersion = 12.0;
					};
					34462E4424B5005200D03A7C = {
						CreatedOnToolsVersion = 12.0;
					};
				};
			};
			buildConfigurationList = 34462E3424B5004F00D03A7C /* Build configuration list for PBXProject "Covid19Tracker" */;
			compatibilityVersion = "Xcode 9.3";
			developmentRegion = en;
			hasScannedForEncodings = 0;
			knownRegions = (
				en,
				Base,
			);
			mainGroup = 34462E3024B5004F00D03A7C;
			packageReferences = (
				34462E5F24B5032200D03A7C /* XCRemoteSwiftPackageReference "Alamofire" */,
			);
			productRefGroup = 34462E3E24B5005200D03A7C /* Products */;
			projectDirPath = "";
			projectRoot = "";
			targets = (
				34462E3C24B5005200D03A7C /* iOS */,
				34462E4424B5005200D03A7C /* macOS */,
			);
		};
/* End PBXProject section */

/* Begin PBXResourcesBuildPhase section */
		34462E3B24B5005200D03A7C /* Resources */ = {
			isa = PBXResourcesBuildPhase;
			buildActionMask = 2147483647;
			files = (
				34462E4D24B5005200D03A7C /* Assets.xcassets in Resources */,
			);
			runOnlyForDeploymentPostprocessing = 0;
		};
		34462E4324B5005200D03A7C /* Resources */ = {
			isa = PBXResourcesBuildPhase;
			buildActionMask = 2147483647;
			files = (
				34462E4E24B5005200D03A7C /* Assets.xcassets in Resources */,
			);
			runOnlyForDeploymentPostprocessing = 0;
		};
/* End PBXResourcesBuildPhase section */

/* Begin PBXSourcesBuildPhase section */
		34462E3924B5005200D03A7C /* Sources */ = {
			isa = PBXSourcesBuildPhase;
			buildActionMask = 2147483647;
			files = (
				34462E8224B636AB00D03A7C /* StatisticHeaderView.swift in Sources */,
				34462E6924B5047A00D03A7C /* StatisticModel.swift in Sources */,
				34462E7224B5054B00D03A7C /* NetworkRouter.swift in Sources */,
				34462E7824B5056200D03A7C /* NetworkConstants.swift in Sources */,
				34462E8524B6379400D03A7C /* CaseView.swift in Sources */,
				34462E8824B63FA500D03A7C /* DeathView.swift in Sources */,
				34462E7F24B6360F00D03A7C /* CountryView.swift in Sources */,
				34462E5D24B5025300D03A7C /* StatisticView.swift in Sources */,
				34462E6C24B504AF00D03A7C /* Continent.swift in Sources */,
				34462E6324B5034E00D03A7C /* ServiceClient.swift in Sources */,
				34462E7524B5055400D03A7C /* NetworkClient.swift in Sources */,
				34462E6F24B504DC00D03A7C /* StatisticResponseModel.swift in Sources */,
				34462E6624B5042400D03A7C /* NumbersModel.swift in Sources */,
				34462E7C24B50D0500D03A7C /* Color+Hex.swift in Sources */,
				34462E4924B5005200D03A7C /* Covid19TrackerApp.swift in Sources */,
			);
			runOnlyForDeploymentPostprocessing = 0;
		};
		34462E4124B5005200D03A7C /* Sources */ = {
			isa = PBXSourcesBuildPhase;
			buildActionMask = 2147483647;
			files = (
				34462E8324B636AB00D03A7C /* StatisticHeaderView.swift in Sources */,
				34462E6A24B5047A00D03A7C /* StatisticModel.swift in Sources */,
				34462E7324B5054B00D03A7C /* NetworkRouter.swift in Sources */,
				34462E7924B5056200D03A7C /* NetworkConstants.swift in Sources */,
				34462E8624B6379400D03A7C /* CaseView.swift in Sources */,
				34462E8924B63FA500D03A7C /* DeathView.swift in Sources */,
				34462E8024B6360F00D03A7C /* CountryView.swift in Sources */,
				34462E5E24B5025300D03A7C /* StatisticView.swift in Sources */,
				34462E6D24B504AF00D03A7C /* Continent.swift in Sources */,
				34462E6424B5034E00D03A7C /* ServiceClient.swift in Sources */,
				34462E7624B5055400D03A7C /* NetworkClient.swift in Sources */,
				34462E7024B504DC00D03A7C /* StatisticResponseModel.swift in Sources */,
				34462E6724B5042400D03A7C /* NumbersModel.swift in Sources */,
				34462E7D24B50D0500D03A7C /* Color+Hex.swift in Sources */,
				34462E4A24B5005200D03A7C /* Covid19TrackerApp.swift in Sources */,
			);
			runOnlyForDeploymentPostprocessing = 0;
		};
/* End PBXSourcesBuildPhase section */

/* Begin XCBuildConfiguration section */
		34462E4F24B5005200D03A7C /* Debug */ = {
			isa = XCBuildConfiguration;
			buildSettings = {
				ALWAYS_SEARCH_USER_PATHS = NO;
				CLANG_ANALYZER_NONNULL = YES;
				CLANG_ANALYZER_NUMBER_OBJECT_CONVERSION = YES_AGGRESSIVE;
				CLANG_CXX_LANGUAGE_STANDARD = "gnu++14";
				CLANG_CXX_LIBRARY = "libc++";
				CLANG_ENABLE_MODULES = YES;
				CLANG_ENABLE_OBJC_ARC = YES;
				CLANG_ENABLE_OBJC_WEAK = YES;
				CLANG_WARN_BLOCK_CAPTURE_AUTORELEASING = YES;
				CLANG_WARN_BOOL_CONVERSION = YES;
				CLANG_WARN_COMMA = YES;
				CLANG_WARN_CONSTANT_CONVERSION = YES;
				CLANG_WARN_DEPRECATED_OBJC_IMPLEMENTATIONS = YES;
				CLANG_WARN_DIRECT_OBJC_ISA_USAGE = YES_ERROR;
				CLANG_WARN_DOCUMENTATION_COMMENTS = YES;
				CLANG_WARN_EMPTY_BODY = YES;
				CLANG_WARN_ENUM_CONVERSION = YES;
				CLANG_WARN_INFINITE_RECURSION = YES;
				CLANG_WARN_INT_CONVERSION = YES;
				CLANG_WARN_NON_LITERAL_NULL_CONVERSION = YES;
				CLANG_WARN_OBJC_IMPLICIT_RETAIN_SELF = YES;
				CLANG_WARN_OBJC_LITERAL_CONVERSION = YES;
				CLANG_WARN_OBJC_ROOT_CLASS = YES_ERROR;
				CLANG_WARN_QUOTED_INCLUDE_IN_FRAMEWORK_HEADER = YES;
				CLANG_WARN_RANGE_LOOP_ANALYSIS = YES;
				CLANG_WARN_STRICT_PROTOTYPES = YES;
				CLANG_WARN_SUSPICIOUS_MOVE = YES;
				CLANG_WARN_UNGUARDED_AVAILABILITY = YES_AGGRESSIVE;
				CLANG_WARN_UNREACHABLE_CODE = YES;
				CLANG_WARN__DUPLICATE_METHOD_MATCH = YES;
				COPY_PHASE_STRIP = NO;
				DEBUG_INFORMATION_FORMAT = dwarf;
				ENABLE_STRICT_OBJC_MSGSEND = YES;
				ENABLE_TESTABILITY = YES;
				GCC_C_LANGUAGE_STANDARD = gnu11;
				GCC_DYNAMIC_NO_PIC = NO;
				GCC_NO_COMMON_BLOCKS = YES;
				GCC_OPTIMIZATION_LEVEL = 0;
				GCC_PREPROCESSOR_DEFINITIONS = (
					"DEBUG=1",
					"$(inherited)",
				);
				GCC_WARN_64_TO_32_BIT_CONVERSION = YES;
				GCC_WARN_ABOUT_RETURN_TYPE = YES_ERROR;
				GCC_WARN_UNDECLARED_SELECTOR = YES;
				GCC_WARN_UNINITIALIZED_AUTOS = YES_AGGRESSIVE;
				GCC_WARN_UNUSED_FUNCTION = YES;
				GCC_WARN_UNUSED_VARIABLE = YES;
				MTL_ENABLE_DEBUG_INFO = INCLUDE_SOURCE;
				MTL_FAST_MATH = YES;
				ONLY_ACTIVE_ARCH = YES;
				SWIFT_ACTIVE_COMPILATION_CONDITIONS = DEBUG;
				SWIFT_OPTIMIZATION_LEVEL = "-Onone";
			};
			name = Debug;
		};
		34462E5024B5005200D03A7C /* Release */ = {
			isa = XCBuildConfiguration;
			buildSettings = {
				ALWAYS_SEARCH_USER_PATHS = NO;
				CLANG_ANALYZER_NONNULL = YES;
				CLANG_ANALYZER_NUMBER_OBJECT_CONVERSION = YES_AGGRESSIVE;
				CLANG_CXX_LANGUAGE_STANDARD = "gnu++14";
				CLANG_CXX_LIBRARY = "libc++";
				CLANG_ENABLE_MODULES = YES;
				CLANG_ENABLE_OBJC_ARC = YES;
				CLANG_ENABLE_OBJC_WEAK = YES;
				CLANG_WARN_BLOCK_CAPTURE_AUTORELEASING = YES;
				CLANG_WARN_BOOL_CONVERSION = YES;
				CLANG_WARN_COMMA = YES;
				CLANG_WARN_CONSTANT_CONVERSION = YES;
				CLANG_WARN_DEPRECATED_OBJC_IMPLEMENTATIONS = YES;
				CLANG_WARN_DIRECT_OBJC_ISA_USAGE = YES_ERROR;
				CLANG_WARN_DOCUMENTATION_COMMENTS = YES;
				CLANG_WARN_EMPTY_BODY = YES;
				CLANG_WARN_ENUM_CONVERSION = YES;
				CLANG_WARN_INFINITE_RECURSION = YES;
				CLANG_WARN_INT_CONVERSION = YES;
				CLANG_WARN_NON_LITERAL_NULL_CONVERSION = YES;
				CLANG_WARN_OBJC_IMPLICIT_RETAIN_SELF = YES;
				CLANG_WARN_OBJC_LITERAL_CONVERSION = YES;
				CLANG_WARN_OBJC_ROOT_CLASS = YES_ERROR;
				CLANG_WARN_QUOTED_INCLUDE_IN_FRAMEWORK_HEADER = YES;
				CLANG_WARN_RANGE_LOOP_ANALYSIS = YES;
				CLANG_WARN_STRICT_PROTOTYPES = YES;
				CLANG_WARN_SUSPICIOUS_MOVE = YES;
				CLANG_WARN_UNGUARDED_AVAILABILITY = YES_AGGRESSIVE;
				CLANG_WARN_UNREACHABLE_CODE = YES;
				CLANG_WARN__DUPLICATE_METHOD_MATCH = YES;
				COPY_PHASE_STRIP = NO;
				DEBUG_INFORMATION_FORMAT = "dwarf-with-dsym";
				ENABLE_NS_ASSERTIONS = NO;
				ENABLE_STRICT_OBJC_MSGSEND = YES;
				GCC_C_LANGUAGE_STANDARD = gnu11;
				GCC_NO_COMMON_BLOCKS = YES;
				GCC_WARN_64_TO_32_BIT_CONVERSION = YES;
				GCC_WARN_ABOUT_RETURN_TYPE = YES_ERROR;
				GCC_WARN_UNDECLARED_SELECTOR = YES;
				GCC_WARN_UNINITIALIZED_AUTOS = YES_AGGRESSIVE;
				GCC_WARN_UNUSED_FUNCTION = YES;
				GCC_WARN_UNUSED_VARIABLE = YES;
				MTL_ENABLE_DEBUG_INFO = NO;
				MTL_FAST_MATH = YES;
				SWIFT_COMPILATION_MODE = wholemodule;
				SWIFT_OPTIMIZATION_LEVEL = "-O";
			};
			name = Release;
		};
		34462E5224B5005200D03A7C /* Debug */ = {
			isa = XCBuildConfiguration;
			buildSettings = {
				ASSETCATALOG_COMPILER_APPICON_NAME = AppIcon;
				ASSETCATALOG_COMPILER_GLOBAL_ACCENT_COLOR_NAME = AccentColor;
				CODE_SIGN_STYLE = Automatic;
				DEVELOPMENT_TEAM = 75PKQ5LQ7V;
				ENABLE_PREVIEWS = YES;
				INFOPLIST_FILE = iOS/Info.plist;
				IPHONEOS_DEPLOYMENT_TARGET = 14.0;
				LD_RUNPATH_SEARCH_PATHS = (
					"$(inherited)",
					"@executable_path/Frameworks",
				);
				PRODUCT_BUNDLE_IDENTIFIER = com.serdarturan.Covid19Tracker;
				PRODUCT_NAME = Covid19Tracker;
				SDKROOT = iphoneos;
				SWIFT_VERSION = 5.0;
				TARGETED_DEVICE_FAMILY = "1,2";
			};
			name = Debug;
		};
		34462E5324B5005200D03A7C /* Release */ = {
			isa = XCBuildConfiguration;
			buildSettings = {
				ASSETCATALOG_COMPILER_APPICON_NAME = AppIcon;
				ASSETCATALOG_COMPILER_GLOBAL_ACCENT_COLOR_NAME = AccentColor;
				CODE_SIGN_STYLE = Automatic;
				DEVELOPMENT_TEAM = 75PKQ5LQ7V;
				ENABLE_PREVIEWS = YES;
				INFOPLIST_FILE = iOS/Info.plist;
				IPHONEOS_DEPLOYMENT_TARGET = 14.0;
				LD_RUNPATH_SEARCH_PATHS = (
					"$(inherited)",
					"@executable_path/Frameworks",
				);
				PRODUCT_BUNDLE_IDENTIFIER = com.serdarturan.Covid19Tracker;
				PRODUCT_NAME = Covid19Tracker;
				SDKROOT = iphoneos;
				SWIFT_VERSION = 5.0;
				TARGETED_DEVICE_FAMILY = "1,2";
				VALIDATE_PRODUCT = YES;
			};
			name = Release;
		};
		34462E5524B5005200D03A7C /* Debug */ = {
			isa = XCBuildConfiguration;
			buildSettings = {
				ASSETCATALOG_COMPILER_APPICON_NAME = AppIcon;
				ASSETCATALOG_COMPILER_GLOBAL_ACCENT_COLOR_NAME = AccentColor;
				CODE_SIGN_ENTITLEMENTS = macOS/macOS.entitlements;
				CODE_SIGN_STYLE = Automatic;
				COMBINE_HIDPI_IMAGES = YES;
				DEVELOPMENT_TEAM = 75PKQ5LQ7V;
				ENABLE_HARDENED_RUNTIME = YES;
				ENABLE_PREVIEWS = YES;
				INFOPLIST_FILE = macOS/Info.plist;
				LD_RUNPATH_SEARCH_PATHS = (
					"$(inherited)",
					"@executable_path/../Frameworks",
				);
				MACOSX_DEPLOYMENT_TARGET = 10.16;
				PRODUCT_BUNDLE_IDENTIFIER = com.serdarturan.Covid19Tracker;
				PRODUCT_NAME = Covid19Tracker;
				SDKROOT = macosx;
				SWIFT_VERSION = 5.0;
			};
			name = Debug;
		};
		34462E5624B5005200D03A7C /* Release */ = {
			isa = XCBuildConfiguration;
			buildSettings = {
				ASSETCATALOG_COMPILER_APPICON_NAME = AppIcon;
				ASSETCATALOG_COMPILER_GLOBAL_ACCENT_COLOR_NAME = AccentColor;
				CODE_SIGN_ENTITLEMENTS = macOS/macOS.entitlements;
				CODE_SIGN_STYLE = Automatic;
				COMBINE_HIDPI_IMAGES = YES;
				DEVELOPMENT_TEAM = 75PKQ5LQ7V;
				ENABLE_HARDENED_RUNTIME = YES;
				ENABLE_PREVIEWS = YES;
				INFOPLIST_FILE = macOS/Info.plist;
				LD_RUNPATH_SEARCH_PATHS = (
					"$(inherited)",
					"@executable_path/../Frameworks",
				);
				MACOSX_DEPLOYMENT_TARGET = 10.16;
				PRODUCT_BUNDLE_IDENTIFIER = com.serdarturan.Covid19Tracker;
				PRODUCT_NAME = Covid19Tracker;
				SDKROOT = macosx;
				SWIFT_VERSION = 5.0;
			};
			name = Release;
		};
/* End XCBuildConfiguration section */

/* Begin XCConfigurationList section */
		34462E3424B5004F00D03A7C /* Build configuration list for PBXProject "Covid19Tracker" */ = {
			isa = XCConfigurationList;
			buildConfigurations = (
				34462E4F24B5005200D03A7C /* Debug */,
				34462E5024B5005200D03A7C /* Release */,
			);
			defaultConfigurationIsVisible = 0;
			defaultConfigurationName = Release;
		};
		34462E5124B5005200D03A7C /* Build configuration list for PBXNativeTarget "iOS" */ = {
			isa = XCConfigurationList;
			buildConfigurations = (
				34462E5224B5005200D03A7C /* Debug */,
				34462E5324B5005200D03A7C /* Release */,
			);
			defaultConfigurationIsVisible = 0;
			defaultConfigurationName = Release;
		};
		34462E5424B5005200D03A7C /* Build configuration list for PBXNativeTarget "macOS" */ = {
			isa = XCConfigurationList;
			buildConfigurations = (
				34462E5524B5005200D03A7C /* Debug */,
				34462E5624B5005200D03A7C /* Release */,
			);
			defaultConfigurationIsVisible = 0;
			defaultConfigurationName = Release;
		};
/* End XCConfigurationList section */

/* Begin XCRemoteSwiftPackageReference section */
		34462E5F24B5032200D03A7C /* XCRemoteSwiftPackageReference "Alamofire" */ = {
			isa = XCRemoteSwiftPackageReference;
			repositoryURL = "https://github.com/Alamofire/Alamofire.git";
			requirement = {
				kind = upToNextMajorVersion;
				minimumVersion = 5.2.1;
			};
		};
/* End XCRemoteSwiftPackageReference section */

/* Begin XCSwiftPackageProductDependency section */
		34462E6024B5032200D03A7C /* Alamofire */ = {
			isa = XCSwiftPackageProductDependency;
			package = 34462E5F24B5032200D03A7C /* XCRemoteSwiftPackageReference "Alamofire" */;
			productName = Alamofire;
		};
/* End XCSwiftPackageProductDependency section */
	};
	rootObject = 34462E3124B5004F00D03A7C /* Project object */;
}
